// !$*UTF8*$!
{
	archiveVersion = 1;
	classes = {
	};
	objectVersion = 56;
	objects = {

/* Begin PBXBuildFile section */
		13788130296CEA9E00AA5433 /* AppDelegate.swift in Sources */ = {isa = PBXBuildFile; fileRef = 1378812F296CEA9E00AA5433 /* AppDelegate.swift */; };
		13788132296CEA9E00AA5433 /* SceneDelegate.swift in Sources */ = {isa = PBXBuildFile; fileRef = 13788131296CEA9E00AA5433 /* SceneDelegate.swift */; };
		13788134296CEA9E00AA5433 /* ViewController.swift in Sources */ = {isa = PBXBuildFile; fileRef = 13788133296CEA9E00AA5433 /* ViewController.swift */; };
		13788137296CEA9E00AA5433 /* Main.storyboard in Resources */ = {isa = PBXBuildFile; fileRef = 13788135296CEA9E00AA5433 /* Main.storyboard */; };
		13788139296CEA9F00AA5433 /* Assets.xcassets in Resources */ = {isa = PBXBuildFile; fileRef = 13788138296CEA9F00AA5433 /* Assets.xcassets */; };
		1378813C296CEA9F00AA5433 /* LaunchScreen.storyboard in Resources */ = {isa = PBXBuildFile; fileRef = 1378813A296CEA9F00AA5433 /* LaunchScreen.storyboard */; };
		13788145296CEB5A00AA5433 /* SVGKit in Frameworks */ = {isa = PBXBuildFile; productRef = 13788144296CEB5A00AA5433 /* SVGKit */; };
		13788147296CEB5A00AA5433 /* SVGKitSwift in Frameworks */ = {isa = PBXBuildFile; productRef = 13788146296CEB5A00AA5433 /* SVGKitSwift */; };
		13788149296CEC0300AA5433 /* Nation.swift in Sources */ = {isa = PBXBuildFile; fileRef = 13788148296CEC0300AA5433 /* Nation.swift */; };
/* End PBXBuildFile section */

/* Begin PBXFileReference section */
		1378812C296CEA9E00AA5433 /* APITableView.app */ = {isa = PBXFileReference; explicitFileType = wrapper.application; includeInIndex = 0; path = APITableView.app; sourceTree = BUILT_PRODUCTS_DIR; };
		1378812F296CEA9E00AA5433 /* AppDelegate.swift */ = {isa = PBXFileReference; lastKnownFileType = sourcecode.swift; path = AppDelegate.swift; sourceTree = "<group>"; };
		13788131296CEA9E00AA5433 /* SceneDelegate.swift */ = {isa = PBXFileReference; lastKnownFileType = sourcecode.swift; path = SceneDelegate.swift; sourceTree = "<group>"; };
		13788133296CEA9E00AA5433 /* ViewController.swift */ = {isa = PBXFileReference; lastKnownFileType = sourcecode.swift; path = ViewController.swift; sourceTree = "<group>"; };
		13788136296CEA9E00AA5433 /* Base */ = {isa = PBXFileReference; lastKnownFileType = file.storyboard; name = Base; path = Base.lproj/Main.storyboard; sourceTree = "<group>"; };
		13788138296CEA9F00AA5433 /* Assets.xcassets */ = {isa = PBXFileReference; lastKnownFileType = folder.assetcatalog; path = Assets.xcassets; sourceTree = "<group>"; };
		1378813B296CEA9F00AA5433 /* Base */ = {isa = PBXFileReference; lastKnownFileType = file.storyboard; name = Base; path = Base.lproj/LaunchScreen.storyboard; sourceTree = "<group>"; };
		1378813D296CEA9F00AA5433 /* Info.plist */ = {isa = PBXFileReference; lastKnownFileType = text.plist.xml; path = Info.plist; sourceTree = "<group>"; };
		13788148296CEC0300AA5433 /* Nation.swift */ = {isa = PBXFileReference; lastKnownFileType = sourcecode.swift; path = Nation.swift; sourceTree = "<group>"; };
/* End PBXFileReference section */

/* Begin PBXFrameworksBuildPhase section */
		13788129296CEA9E00AA5433 /* Frameworks */ = {
			isa = PBXFrameworksBuildPhase;
			buildActionMask = 2147483647;
			files = (
				13788147296CEB5A00AA5433 /* SVGKitSwift in Frameworks */,
				13788145296CEB5A00AA5433 /* SVGKit in Frameworks */,
			);
			runOnlyForDeploymentPostprocessing = 0;
		};
/* End PBXFrameworksBuildPhase section */

/* Begin PBXGroup section */
		13788123296CEA9E00AA5433 = {
			isa = PBXGroup;
			children = (
				1378812E296CEA9E00AA5433 /* APITableView */,
				1378812D296CEA9E00AA5433 /* Products */,
			);
			sourceTree = "<group>";
		};
		1378812D296CEA9E00AA5433 /* Products */ = {
			isa = PBXGroup;
			children = (
				1378812C296CEA9E00AA5433 /* APITableView.app */,
			);
			name = Products;
			sourceTree = "<group>";
		};
		1378812E296CEA9E00AA5433 /* APITableView */ = {
			isa = PBXGroup;
			children = (
				1378812F296CEA9E00AA5433 /* AppDelegate.swift */,
				13788131296CEA9E00AA5433 /* SceneDelegate.swift */,
				13788133296CEA9E00AA5433 /* ViewController.swift */,
				13788148296CEC0300AA5433 /* Nation.swift */,
				13788135296CEA9E00AA5433 /* Main.storyboard */,
				13788138296CEA9F00AA5433 /* Assets.xcassets */,
				1378813A296CEA9F00AA5433 /* LaunchScreen.storyboard */,
				1378813D296CEA9F00AA5433 /* Info.plist */,
			);
			path = APITableView;
			sourceTree = "<group>";
		};
/* End PBXGroup section */

/* Begin PBXNativeTarget section */
		1378812B296CEA9E00AA5433 /* APITableView */ = {
			isa = PBXNativeTarget;
			buildConfigurationList = 13788140296CEA9F00AA5433 /* Build configuration list for PBXNativeTarget "APITableView" */;
			buildPhases = (
				13788128296CEA9E00AA5433 /* Sources */,
				13788129296CEA9E00AA5433 /* Frameworks */,
				1378812A296CEA9E00AA5433 /* Resources */,
			);
			buildRules = (
			);
			dependencies = (
			);
			name = APITableView;
			packageProductDependencies = (
				13788144296CEB5A00AA5433 /* SVGKit */,
				13788146296CEB5A00AA5433 /* SVGKitSwift */,
			);
			productName = APITableView;
			productReference = 1378812C296CEA9E00AA5433 /* APITableView.app */;
			productType = "com.apple.product-type.application";
		};
/* End PBXNativeTarget section */

/* Begin PBXProject section */
		13788124296CEA9E00AA5433 /* Project object */ = {
			isa = PBXProject;
			attributes = {
				BuildIndependentTargetsInParallel = 1;
				LastSwiftUpdateCheck = 1420;
				LastUpgradeCheck = 1420;
				TargetAttributes = {
					1378812B296CEA9E00AA5433 = {
						CreatedOnToolsVersion = 14.2;
					};
				};
			};
			buildConfigurationList = 13788127296CEA9E00AA5433 /* Build configuration list for PBXProject "APITableView" */;
			compatibilityVersion = "Xcode 14.0";
			developmentRegion = en;
			hasScannedForEncodings = 0;
			knownRegions = (
				en,
				Base,
			);
			mainGroup = 13788123296CEA9E00AA5433;
			packageReferences = (
				13788143296CEB5A00AA5433 /* XCRemoteSwiftPackageReference "SVGKit" */,
			);
			productRefGroup = 1378812D296CEA9E00AA5433 /* Products */;
			projectDirPath = "";
			projectRoot = "";
			targets = (
				1378812B296CEA9E00AA5433 /* APITableView */,
			);
		};
/* End PBXProject section */

/* Begin PBXResourcesBuildPhase section */
		1378812A296CEA9E00AA5433 /* Resources */ = {
			isa = PBXResourcesBuildPhase;
			buildActionMask = 2147483647;
			files = (
				1378813C296CEA9F00AA5433 /* LaunchScreen.storyboard in Resources */,
				13788139296CEA9F00AA5433 /* Assets.xcassets in Resources */,
				13788137296CEA9E00AA5433 /* Main.storyboard in Resources */,
			);
			runOnlyForDeploymentPostprocessing = 0;
		};
/* End PBXResourcesBuildPhase section */

/* Begin PBXSourcesBuildPhase section */
		13788128296CEA9E00AA5433 /* Sources */ = {
			isa = PBXSourcesBuildPhase;
			buildActionMask = 2147483647;
			files = (
				13788149296CEC0300AA5433 /* Nation.swift in Sources */,
				13788134296CEA9E00AA5433 /* ViewController.swift in Sources */,
				13788130296CEA9E00AA5433 /* AppDelegate.swift in Sources */,
				13788132296CEA9E00AA5433 /* SceneDelegate.swift in Sources */,
			);
			runOnlyForDeploymentPostprocessing = 0;
		};
/* End PBXSourcesBuildPhase section */

/* Begin PBXVariantGroup section */
		13788135296CEA9E00AA5433 /* Main.storyboard */ = {
			isa = PBXVariantGroup;
			children = (
				13788136296CEA9E00AA5433 /* Base */,
			);
			name = Main.storyboard;
			sourceTree = "<group>";
		};
		1378813A296CEA9F00AA5433 /* LaunchScreen.storyboard */ = {
			isa = PBXVariantGroup;
			children = (
				1378813B296CEA9F00AA5433 /* Base */,
			);
			name = LaunchScreen.storyboard;
			sourceTree = "<group>";
		};
/* End PBXVariantGroup section */

/* Begin XCBuildConfiguration section */
		1378813E296CEA9F00AA5433 /* Debug */ = {
			isa = XCBuildConfiguration;
			buildSettings = {
				ALWAYS_SEARCH_USER_PATHS = NO;
				CLANG_ANALYZER_NONNULL = YES;
				CLANG_ANALYZER_NUMBER_OBJECT_CONVERSION = YES_AGGRESSIVE;
				CLANG_CXX_LANGUAGE_STANDARD = "gnu++20";
				CLANG_ENABLE_MODULES = YES;
				CLANG_ENABLE_OBJC_ARC = YES;
				CLANG_ENABLE_OBJC_WEAK = YES;
				CLANG_WARN_BLOCK_CAPTURE_AUTORELEASING = YES;
				CLANG_WARN_BOOL_CONVERSION = YES;
				CLANG_WARN_COMMA = YES;
				CLANG_WARN_CONSTANT_CONVERSION = YES;
				CLANG_WARN_DEPRECATED_OBJC_IMPLEMENTATIONS = YES;
				CLANG_WARN_DIRECT_OBJC_ISA_USAGE = YES_ERROR;
				CLANG_WARN_DOCUMENTATION_COMMENTS = YES;
				CLANG_WARN_EMPTY_BODY = YES;
				CLANG_WARN_ENUM_CONVERSION = YES;
				CLANG_WARN_INFINITE_RECURSION = YES;
				CLANG_WARN_INT_CONVERSION = YES;
				CLANG_WARN_NON_LITERAL_NULL_CONVERSION = YES;
				CLANG_WARN_OBJC_IMPLICIT_RETAIN_SELF = YES;
				CLANG_WARN_OBJC_LITERAL_CONVERSION = YES;
				CLANG_WARN_OBJC_ROOT_CLASS = YES_ERROR;
				CLANG_WARN_QUOTED_INCLUDE_IN_FRAMEWORK_HEADER = YES;
				CLANG_WARN_RANGE_LOOP_ANALYSIS = YES;
				CLANG_WARN_STRICT_PROTOTYPES = YES;
				CLANG_WARN_SUSPICIOUS_MOVE = YES;
				CLANG_WARN_UNGUARDED_AVAILABILITY = YES_AGGRESSIVE;
				CLANG_WARN_UNREACHABLE_CODE = YES;
				CLANG_WARN__DUPLICATE_METHOD_MATCH = YES;
				COPY_PHASE_STRIP = NO;
				DEBUG_INFORMATION_FORMAT = dwarf;
				ENABLE_STRICT_OBJC_MSGSEND = YES;
				ENABLE_TESTABILITY = YES;
				GCC_C_LANGUAGE_STANDARD = gnu11;
				GCC_DYNAMIC_NO_PIC = NO;
				GCC_NO_COMMON_BLOCKS = YES;
				GCC_OPTIMIZATION_LEVEL = 0;
				GCC_PREPROCESSOR_DEFINITIONS = (
					"DEBUG=1",
					"$(inherited)",
				);
				GCC_WARN_64_TO_32_BIT_CONVERSION = YES;
				GCC_WARN_ABOUT_RETURN_TYPE = YES_ERROR;
				GCC_WARN_UNDECLARED_SELECTOR = YES;
				GCC_WARN_UNINITIALIZED_AUTOS = YES_AGGRESSIVE;
				GCC_WARN_UNUSED_FUNCTION = YES;
				GCC_WARN_UNUSED_VARIABLE = YES;
				IPHONEOS_DEPLOYMENT_TARGET = 16.2;
				MTL_ENABLE_DEBUG_INFO = INCLUDE_SOURCE;
				MTL_FAST_MATH = YES;
				ONLY_ACTIVE_ARCH = YES;
				SDKROOT = iphoneos;
				SWIFT_ACTIVE_COMPILATION_CONDITIONS = DEBUG;
				SWIFT_OPTIMIZATION_LEVEL = "-Onone";
			};
			name = Debug;
		};
		1378813F296CEA9F00AA5433 /* Release */ = {
			isa = XCBuildConfiguration;
			buildSettings = {
				ALWAYS_SEARCH_USER_PATHS = NO;
				CLANG_ANALYZER_NONNULL = YES;
				CLANG_ANALYZER_NUMBER_OBJECT_CONVERSION = YES_AGGRESSIVE;
				CLANG_CXX_LANGUAGE_STANDARD = "gnu++20";
				CLANG_ENABLE_MODULES = YES;
				CLANG_ENABLE_OBJC_ARC = YES;
				CLANG_ENABLE_OBJC_WEAK = YES;
				CLANG_WARN_BLOCK_CAPTURE_AUTORELEASING = YES;
				CLANG_WARN_BOOL_CONVERSION = YES;
				CLANG_WARN_COMMA = YES;
				CLANG_WARN_CONSTANT_CONVERSION = YES;
				CLANG_WARN_DEPRECATED_OBJC_IMPLEMENTATIONS = YES;
				CLANG_WARN_DIRECT_OBJC_ISA_USAGE = YES_ERROR;
				CLANG_WARN_DOCUMENTATION_COMMENTS = YES;
				CLANG_WARN_EMPTY_BODY = YES;
				CLANG_WARN_ENUM_CONVERSION = YES;
				CLANG_WARN_INFINITE_RECURSION = YES;
				CLANG_WARN_INT_CONVERSION = YES;
				CLANG_WARN_NON_LITERAL_NULL_CONVERSION = YES;
				CLANG_WARN_OBJC_IMPLICIT_RETAIN_SELF = YES;
				CLANG_WARN_OBJC_LITERAL_CONVERSION = YES;
				CLANG_WARN_OBJC_ROOT_CLASS = YES_ERROR;
				CLANG_WARN_QUOTED_INCLUDE_IN_FRAMEWORK_HEADER = YES;
				CLANG_WARN_RANGE_LOOP_ANALYSIS = YES;
				CLANG_WARN_STRICT_PROTOTYPES = YES;
				CLANG_WARN_SUSPICIOUS_MOVE = YES;
				CLANG_WARN_UNGUARDED_AVAILABILITY = YES_AGGRESSIVE;
				CLANG_WARN_UNREACHABLE_CODE = YES;
				CLANG_WARN__DUPLICATE_METHOD_MATCH = YES;
				COPY_PHASE_STRIP = NO;
				DEBUG_INFORMATION_FORMAT = "dwarf-with-dsym";
				ENABLE_NS_ASSERTIONS = NO;
				ENABLE_STRICT_OBJC_MSGSEND = YES;
				GCC_C_LANGUAGE_STANDARD = gnu11;
				GCC_NO_COMMON_BLOCKS = YES;
				GCC_WARN_64_TO_32_BIT_CONVERSION = YES;
				GCC_WARN_ABOUT_RETURN_TYPE = YES_ERROR;
				GCC_WARN_UNDECLARED_SELECTOR = YES;
				GCC_WARN_UNINITIALIZED_AUTOS = YES_AGGRESSIVE;
				GCC_WARN_UNUSED_FUNCTION = YES;
				GCC_WARN_UNUSED_VARIABLE = YES;
				IPHONEOS_DEPLOYMENT_TARGET = 16.2;
				MTL_ENABLE_DEBUG_INFO = NO;
				MTL_FAST_MATH = YES;
				SDKROOT = iphoneos;
				SWIFT_COMPILATION_MODE = wholemodule;
				SWIFT_OPTIMIZATION_LEVEL = "-O";
				VALIDATE_PRODUCT = YES;
			};
			name = Release;
		};
		13788141296CEA9F00AA5433 /* Debug */ = {
			isa = XCBuildConfiguration;
			buildSettings = {
				ASSETCATALOG_COMPILER_APPICON_NAME = AppIcon;
				ASSETCATALOG_COMPILER_GLOBAL_ACCENT_COLOR_NAME = AccentColor;
				CODE_SIGN_STYLE = Automatic;
				CURRENT_PROJECT_VERSION = 1;
				DEVELOPMENT_TEAM = K4627HX2DN;
				GENERATE_INFOPLIST_FILE = YES;
				INFOPLIST_FILE = APITableView/Info.plist;
				INFOPLIST_KEY_UIApplicationSupportsIndirectInputEvents = YES;
				INFOPLIST_KEY_UILaunchStoryboardName = LaunchScreen;
				INFOPLIST_KEY_UIMainStoryboardFile = Main;
				INFOPLIST_KEY_UISupportedInterfaceOrientations_iPad = "UIInterfaceOrientationPortrait UIInterfaceOrientationPortraitUpsideDown UIInterfaceOrientationLandscapeLeft UIInterfaceOrientationLandscapeRight";
				INFOPLIST_KEY_UISupportedInterfaceOrientations_iPhone = "UIInterfaceOrientationPortrait UIInterfaceOrientationLandscapeLeft UIInterfaceOrientationLandscapeRight";
				LD_RUNPATH_SEARCH_PATHS = (
					"$(inherited)",
					"@executable_path/Frameworks",
				);
				MARKETING_VERSION = 1.0;
				PRODUCT_BUNDLE_IDENTIFIER = C.APITableView;
				PRODUCT_NAME = "$(TARGET_NAME)";
				SWIFT_EMIT_LOC_STRINGS = YES;
				SWIFT_VERSION = 5.0;
				TARGETED_DEVICE_FAMILY = "1,2";
			};
			name = Debug;
		};
		13788142296CEA9F00AA5433 /* Release */ = {
			isa = XCBuildConfiguration;
			buildSettings = {
				ASSETCATALOG_COMPILER_APPICON_NAME = AppIcon;
				ASSETCATALOG_COMPILER_GLOBAL_ACCENT_COLOR_NAME = AccentColor;
				CODE_SIGN_STYLE = Automatic;
				CURRENT_PROJECT_VERSION = 1;
				DEVELOPMENT_TEAM = K4627HX2DN;
				GENERATE_INFOPLIST_FILE = YES;
				INFOPLIST_FILE = APITableView/Info.plist;
				INFOPLIST_KEY_UIApplicationSupportsIndirectInputEvents = YES;
				INFOPLIST_KEY_UILaunchStoryboardName = LaunchScreen;
				INFOPLIST_KEY_UIMainStoryboardFile = Main;
				INFOPLIST_KEY_UISupportedInterfaceOrientations_iPad = "UIInterfaceOrientationPortrait UIInterfaceOrientationPortraitUpsideDown UIInterfaceOrientationLandscapeLeft UIInterfaceOrientationLandscapeRight";
				INFOPLIST_KEY_UISupportedInterfaceOrientations_iPhone = "UIInterfaceOrientationPortrait UIInterfaceOrientationLandscapeLeft UIInterfaceOrientationLandscapeRight";
				LD_RUNPATH_SEARCH_PATHS = (
					"$(inherited)",
					"@executable_path/Frameworks",
				);
				MARKETING_VERSION = 1.0;
				PRODUCT_BUNDLE_IDENTIFIER = C.APITableView;
				PRODUCT_NAME = "$(TARGET_NAME)";
				SWIFT_EMIT_LOC_STRINGS = YES;
				SWIFT_VERSION = 5.0;
				TARGETED_DEVICE_FAMILY = "1,2";
			};
			name = Release;
		};
/* End XCBuildConfiguration section */

/* Begin XCConfigurationList section */
		13788127296CEA9E00AA5433 /* Build configuration list for PBXProject "APITableView" */ = {
			isa = XCConfigurationList;
			buildConfigurations = (
				1378813E296CEA9F00AA5433 /* Debug */,
				1378813F296CEA9F00AA5433 /* Release */,
			);
			defaultConfigurationIsVisible = 0;
			defaultConfigurationName = Release;
		};
		13788140296CEA9F00AA5433 /* Build configuration list for PBXNativeTarget "APITableView" */ = {
			isa = XCConfigurationList;
			buildConfigurations = (
				13788141296CEA9F00AA5433 /* Debug */,
				13788142296CEA9F00AA5433 /* Release */,
			);
			defaultConfigurationIsVisible = 0;
			defaultConfigurationName = Release;
		};
/* End XCConfigurationList section */

/* Begin XCRemoteSwiftPackageReference section */
		13788143296CEB5A00AA5433 /* XCRemoteSwiftPackageReference "SVGKit" */ = {
			isa = XCRemoteSwiftPackageReference;
			repositoryURL = "https://github.com/SVGKit/SVGKit";
			requirement = {
				kind = exactVersion;
				version = 3.0.0;
			};
		};
/* End XCRemoteSwiftPackageReference section */

/* Begin XCSwiftPackageProductDependency section */
		13788144296CEB5A00AA5433 /* SVGKit */ = {
			isa = XCSwiftPackageProductDependency;
			package = 13788143296CEB5A00AA5433 /* XCRemoteSwiftPackageReference "SVGKit" */;
			productName = SVGKit;
		};
		13788146296CEB5A00AA5433 /* SVGKitSwift */ = {
			isa = XCSwiftPackageProductDependency;
			package = 13788143296CEB5A00AA5433 /* XCRemoteSwiftPackageReference "SVGKit" */;
			productName = SVGKitSwift;
		};
/* End XCSwiftPackageProductDependency section */
	};
	rootObject = 13788124296CEA9E00AA5433 /* Project object */;
}
