// !$*UTF8*$!
{
	archiveVersion = 1;
	classes = {
	};
	objectVersion = 56;
	objects = {

/* Begin PBXBuildFile section */
		134B0697297B5D840082E8CE /* UpdateViewController.swift in Sources */ = {isa = PBXBuildFile; fileRef = 134B0696297B5D840082E8CE /* UpdateViewController.swift */; };
		13C7F486297A090F00A9E100 /* AppDelegate.swift in Sources */ = {isa = PBXBuildFile; fileRef = 13C7F485297A090F00A9E100 /* AppDelegate.swift */; };
		13C7F488297A090F00A9E100 /* SceneDelegate.swift in Sources */ = {isa = PBXBuildFile; fileRef = 13C7F487297A090F00A9E100 /* SceneDelegate.swift */; };
		13C7F48A297A090F00A9E100 /* ViewController.swift in Sources */ = {isa = PBXBuildFile; fileRef = 13C7F489297A090F00A9E100 /* ViewController.swift */; };
		13C7F48D297A090F00A9E100 /* Main.storyboard in Resources */ = {isa = PBXBuildFile; fileRef = 13C7F48B297A090F00A9E100 /* Main.storyboard */; };
		13C7F48F297A091000A9E100 /* Assets.xcassets in Resources */ = {isa = PBXBuildFile; fileRef = 13C7F48E297A091000A9E100 /* Assets.xcassets */; };
		13C7F492297A091000A9E100 /* LaunchScreen.storyboard in Resources */ = {isa = PBXBuildFile; fileRef = 13C7F490297A091000A9E100 /* LaunchScreen.storyboard */; };
		13C7F49A297A0A2900A9E100 /* MapViewController.swift in Sources */ = {isa = PBXBuildFile; fileRef = 13C7F499297A0A2900A9E100 /* MapViewController.swift */; };
		13C7F49C297A0AEE00A9E100 /* LocationModel.swift in Sources */ = {isa = PBXBuildFile; fileRef = 13C7F49B297A0AEE00A9E100 /* LocationModel.swift */; };
		13C7F49E297A0C4200A9E100 /* DataModel.swift in Sources */ = {isa = PBXBuildFile; fileRef = 13C7F49D297A0C4200A9E100 /* DataModel.swift */; };
		13C7F4A0297A18D000A9E100 /* NewViewController.swift in Sources */ = {isa = PBXBuildFile; fileRef = 13C7F49F297A18D000A9E100 /* NewViewController.swift */; };
/* End PBXBuildFile section */

/* Begin PBXFileReference section */
		134B0696297B5D840082E8CE /* UpdateViewController.swift */ = {isa = PBXFileReference; lastKnownFileType = sourcecode.swift; path = UpdateViewController.swift; sourceTree = "<group>"; };
		13C7F482297A090F00A9E100 /* MysqlTest.app */ = {isa = PBXFileReference; explicitFileType = wrapper.application; includeInIndex = 0; path = MysqlTest.app; sourceTree = BUILT_PRODUCTS_DIR; };
		13C7F485297A090F00A9E100 /* AppDelegate.swift */ = {isa = PBXFileReference; lastKnownFileType = sourcecode.swift; path = AppDelegate.swift; sourceTree = "<group>"; };
		13C7F487297A090F00A9E100 /* SceneDelegate.swift */ = {isa = PBXFileReference; lastKnownFileType = sourcecode.swift; path = SceneDelegate.swift; sourceTree = "<group>"; };
		13C7F489297A090F00A9E100 /* ViewController.swift */ = {isa = PBXFileReference; lastKnownFileType = sourcecode.swift; path = ViewController.swift; sourceTree = "<group>"; };
		13C7F48C297A090F00A9E100 /* Base */ = {isa = PBXFileReference; lastKnownFileType = file.storyboard; name = Base; path = Base.lproj/Main.storyboard; sourceTree = "<group>"; };
		13C7F48E297A091000A9E100 /* Assets.xcassets */ = {isa = PBXFileReference; lastKnownFileType = folder.assetcatalog; path = Assets.xcassets; sourceTree = "<group>"; };
		13C7F491297A091000A9E100 /* Base */ = {isa = PBXFileReference; lastKnownFileType = file.storyboard; name = Base; path = Base.lproj/LaunchScreen.storyboard; sourceTree = "<group>"; };
		13C7F493297A091000A9E100 /* Info.plist */ = {isa = PBXFileReference; lastKnownFileType = text.plist.xml; path = Info.plist; sourceTree = "<group>"; };
		13C7F499297A0A2900A9E100 /* MapViewController.swift */ = {isa = PBXFileReference; lastKnownFileType = sourcecode.swift; path = MapViewController.swift; sourceTree = "<group>"; };
		13C7F49B297A0AEE00A9E100 /* LocationModel.swift */ = {isa = PBXFileReference; lastKnownFileType = sourcecode.swift; path = LocationModel.swift; sourceTree = "<group>"; };
		13C7F49D297A0C4200A9E100 /* DataModel.swift */ = {isa = PBXFileReference; lastKnownFileType = sourcecode.swift; path = DataModel.swift; sourceTree = "<group>"; };
		13C7F49F297A18D000A9E100 /* NewViewController.swift */ = {isa = PBXFileReference; lastKnownFileType = sourcecode.swift; path = NewViewController.swift; sourceTree = "<group>"; };
/* End PBXFileReference section */

/* Begin PBXFrameworksBuildPhase section */
		13C7F47F297A090F00A9E100 /* Frameworks */ = {
			isa = PBXFrameworksBuildPhase;
			buildActionMask = 2147483647;
			files = (
			);
			runOnlyForDeploymentPostprocessing = 0;
		};
/* End PBXFrameworksBuildPhase section */

/* Begin PBXGroup section */
		13C7F479297A090F00A9E100 = {
			isa = PBXGroup;
			children = (
				13C7F484297A090F00A9E100 /* MysqlTest */,
				13C7F483297A090F00A9E100 /* Products */,
			);
			sourceTree = "<group>";
		};
		13C7F483297A090F00A9E100 /* Products */ = {
			isa = PBXGroup;
			children = (
				13C7F482297A090F00A9E100 /* MysqlTest.app */,
			);
			name = Products;
			sourceTree = "<group>";
		};
		13C7F484297A090F00A9E100 /* MysqlTest */ = {
			isa = PBXGroup;
			children = (
				13C7F485297A090F00A9E100 /* AppDelegate.swift */,
				13C7F487297A090F00A9E100 /* SceneDelegate.swift */,
				13C7F489297A090F00A9E100 /* ViewController.swift */,
				13C7F499297A0A2900A9E100 /* MapViewController.swift */,
				134B0696297B5D840082E8CE /* UpdateViewController.swift */,
				13C7F49B297A0AEE00A9E100 /* LocationModel.swift */,
				13C7F49F297A18D000A9E100 /* NewViewController.swift */,
				13C7F49D297A0C4200A9E100 /* DataModel.swift */,
				13C7F48B297A090F00A9E100 /* Main.storyboard */,
				13C7F48E297A091000A9E100 /* Assets.xcassets */,
				13C7F490297A091000A9E100 /* LaunchScreen.storyboard */,
				13C7F493297A091000A9E100 /* Info.plist */,
			);
			path = MysqlTest;
			sourceTree = "<group>";
		};
/* End PBXGroup section */

/* Begin PBXNativeTarget section */
		13C7F481297A090F00A9E100 /* MysqlTest */ = {
			isa = PBXNativeTarget;
			buildConfigurationList = 13C7F496297A091000A9E100 /* Build configuration list for PBXNativeTarget "MysqlTest" */;
			buildPhases = (
				13C7F47E297A090F00A9E100 /* Sources */,
				13C7F47F297A090F00A9E100 /* Frameworks */,
				13C7F480297A090F00A9E100 /* Resources */,
			);
			buildRules = (
			);
			dependencies = (
			);
			name = MysqlTest;
			productName = MysqlTest;
			productReference = 13C7F482297A090F00A9E100 /* MysqlTest.app */;
			productType = "com.apple.product-type.application";
		};
/* End PBXNativeTarget section */

/* Begin PBXProject section */
		13C7F47A297A090F00A9E100 /* Project object */ = {
			isa = PBXProject;
			attributes = {
				BuildIndependentTargetsInParallel = 1;
				LastSwiftUpdateCheck = 1420;
				LastUpgradeCheck = 1420;
				TargetAttributes = {
					13C7F481297A090F00A9E100 = {
						CreatedOnToolsVersion = 14.2;
					};
				};
			};
			buildConfigurationList = 13C7F47D297A090F00A9E100 /* Build configuration list for PBXProject "MysqlTest" */;
			compatibilityVersion = "Xcode 14.0";
			developmentRegion = en;
			hasScannedForEncodings = 0;
			knownRegions = (
				en,
				Base,
			);
			mainGroup = 13C7F479297A090F00A9E100;
			productRefGroup = 13C7F483297A090F00A9E100 /* Products */;
			projectDirPath = "";
			projectRoot = "";
			targets = (
				13C7F481297A090F00A9E100 /* MysqlTest */,
			);
		};
/* End PBXProject section */

/* Begin PBXResourcesBuildPhase section */
		13C7F480297A090F00A9E100 /* Resources */ = {
			isa = PBXResourcesBuildPhase;
			buildActionMask = 2147483647;
			files = (
				13C7F492297A091000A9E100 /* LaunchScreen.storyboard in Resources */,
				13C7F48F297A091000A9E100 /* Assets.xcassets in Resources */,
				13C7F48D297A090F00A9E100 /* Main.storyboard in Resources */,
			);
			runOnlyForDeploymentPostprocessing = 0;
		};
/* End PBXResourcesBuildPhase section */

/* Begin PBXSourcesBuildPhase section */
		13C7F47E297A090F00A9E100 /* Sources */ = {
			isa = PBXSourcesBuildPhase;
			buildActionMask = 2147483647;
			files = (
				13C7F48A297A090F00A9E100 /* ViewController.swift in Sources */,
				13C7F486297A090F00A9E100 /* AppDelegate.swift in Sources */,
				13C7F4A0297A18D000A9E100 /* NewViewController.swift in Sources */,
				13C7F488297A090F00A9E100 /* SceneDelegate.swift in Sources */,
				13C7F49C297A0AEE00A9E100 /* LocationModel.swift in Sources */,
				13C7F49A297A0A2900A9E100 /* MapViewController.swift in Sources */,
				13C7F49E297A0C4200A9E100 /* DataModel.swift in Sources */,
				134B0697297B5D840082E8CE /* UpdateViewController.swift in Sources */,
			);
			runOnlyForDeploymentPostprocessing = 0;
		};
/* End PBXSourcesBuildPhase section */

/* Begin PBXVariantGroup section */
		13C7F48B297A090F00A9E100 /* Main.storyboard */ = {
			isa = PBXVariantGroup;
			children = (
				13C7F48C297A090F00A9E100 /* Base */,
			);
			name = Main.storyboard;
			sourceTree = "<group>";
		};
		13C7F490297A091000A9E100 /* LaunchScreen.storyboard */ = {
			isa = PBXVariantGroup;
			children = (
				13C7F491297A091000A9E100 /* Base */,
			);
			name = LaunchScreen.storyboard;
			sourceTree = "<group>";
		};
/* End PBXVariantGroup section */

/* Begin XCBuildConfiguration section */
		13C7F494297A091000A9E100 /* Debug */ = {
			isa = XCBuildConfiguration;
			buildSettings = {
				ALWAYS_SEARCH_USER_PATHS = NO;
				CLANG_ANALYZER_NONNULL = YES;
				CLANG_ANALYZER_NUMBER_OBJECT_CONVERSION = YES_AGGRESSIVE;
				CLANG_CXX_LANGUAGE_STANDARD = "gnu++20";
				CLANG_ENABLE_MODULES = YES;
				CLANG_ENABLE_OBJC_ARC = YES;
				CLANG_ENABLE_OBJC_WEAK = YES;
				CLANG_WARN_BLOCK_CAPTURE_AUTORELEASING = YES;
				CLANG_WARN_BOOL_CONVERSION = YES;
				CLANG_WARN_COMMA = YES;
				CLANG_WARN_CONSTANT_CONVERSION = YES;
				CLANG_WARN_DEPRECATED_OBJC_IMPLEMENTATIONS = YES;
				CLANG_WARN_DIRECT_OBJC_ISA_USAGE = YES_ERROR;
				CLANG_WARN_DOCUMENTATION_COMMENTS = YES;
				CLANG_WARN_EMPTY_BODY = YES;
				CLANG_WARN_ENUM_CONVERSION = YES;
				CLANG_WARN_INFINITE_RECURSION = YES;
				CLANG_WARN_INT_CONVERSION = YES;
				CLANG_WARN_NON_LITERAL_NULL_CONVERSION = YES;
				CLANG_WARN_OBJC_IMPLICIT_RETAIN_SELF = YES;
				CLANG_WARN_OBJC_LITERAL_CONVERSION = YES;
				CLANG_WARN_OBJC_ROOT_CLASS = YES_ERROR;
				CLANG_WARN_QUOTED_INCLUDE_IN_FRAMEWORK_HEADER = YES;
				CLANG_WARN_RANGE_LOOP_ANALYSIS = YES;
				CLANG_WARN_STRICT_PROTOTYPES = YES;
				CLANG_WARN_SUSPICIOUS_MOVE = YES;
				CLANG_WARN_UNGUARDED_AVAILABILITY = YES_AGGRESSIVE;
				CLANG_WARN_UNREACHABLE_CODE = YES;
				CLANG_WARN__DUPLICATE_METHOD_MATCH = YES;
				COPY_PHASE_STRIP = NO;
				DEBUG_INFORMATION_FORMAT = dwarf;
				ENABLE_STRICT_OBJC_MSGSEND = YES;
				ENABLE_TESTABILITY = YES;
				GCC_C_LANGUAGE_STANDARD = gnu11;
				GCC_DYNAMIC_NO_PIC = NO;
				GCC_NO_COMMON_BLOCKS = YES;
				GCC_OPTIMIZATION_LEVEL = 0;
				GCC_PREPROCESSOR_DEFINITIONS = (
					"DEBUG=1",
					"$(inherited)",
				);
				GCC_WARN_64_TO_32_BIT_CONVERSION = YES;
				GCC_WARN_ABOUT_RETURN_TYPE = YES_ERROR;
				GCC_WARN_UNDECLARED_SELECTOR = YES;
				GCC_WARN_UNINITIALIZED_AUTOS = YES_AGGRESSIVE;
				GCC_WARN_UNUSED_FUNCTION = YES;
				GCC_WARN_UNUSED_VARIABLE = YES;
				IPHONEOS_DEPLOYMENT_TARGET = 16.2;
				MTL_ENABLE_DEBUG_INFO = INCLUDE_SOURCE;
				MTL_FAST_MATH = YES;
				ONLY_ACTIVE_ARCH = YES;
				SDKROOT = iphoneos;
				SWIFT_ACTIVE_COMPILATION_CONDITIONS = DEBUG;
				SWIFT_OPTIMIZATION_LEVEL = "-Onone";
			};
			name = Debug;
		};
		13C7F495297A091000A9E100 /* Release */ = {
			isa = XCBuildConfiguration;
			buildSettings = {
				ALWAYS_SEARCH_USER_PATHS = NO;
				CLANG_ANALYZER_NONNULL = YES;
				CLANG_ANALYZER_NUMBER_OBJECT_CONVERSION = YES_AGGRESSIVE;
				CLANG_CXX_LANGUAGE_STANDARD = "gnu++20";
				CLANG_ENABLE_MODULES = YES;
				CLANG_ENABLE_OBJC_ARC = YES;
				CLANG_ENABLE_OBJC_WEAK = YES;
				CLANG_WARN_BLOCK_CAPTURE_AUTORELEASING = YES;
				CLANG_WARN_BOOL_CONVERSION = YES;
				CLANG_WARN_COMMA = YES;
				CLANG_WARN_CONSTANT_CONVERSION = YES;
				CLANG_WARN_DEPRECATED_OBJC_IMPLEMENTATIONS = YES;
				CLANG_WARN_DIRECT_OBJC_ISA_USAGE = YES_ERROR;
				CLANG_WARN_DOCUMENTATION_COMMENTS = YES;
				CLANG_WARN_EMPTY_BODY = YES;
				CLANG_WARN_ENUM_CONVERSION = YES;
				CLANG_WARN_INFINITE_RECURSION = YES;
				CLANG_WARN_INT_CONVERSION = YES;
				CLANG_WARN_NON_LITERAL_NULL_CONVERSION = YES;
				CLANG_WARN_OBJC_IMPLICIT_RETAIN_SELF = YES;
				CLANG_WARN_OBJC_LITERAL_CONVERSION = YES;
				CLANG_WARN_OBJC_ROOT_CLASS = YES_ERROR;
				CLANG_WARN_QUOTED_INCLUDE_IN_FRAMEWORK_HEADER = YES;
				CLANG_WARN_RANGE_LOOP_ANALYSIS = YES;
				CLANG_WARN_STRICT_PROTOTYPES = YES;
				CLANG_WARN_SUSPICIOUS_MOVE = YES;
				CLANG_WARN_UNGUARDED_AVAILABILITY = YES_AGGRESSIVE;
				CLANG_WARN_UNREACHABLE_CODE = YES;
				CLANG_WARN__DUPLICATE_METHOD_MATCH = YES;
				COPY_PHASE_STRIP = NO;
				DEBUG_INFORMATION_FORMAT = "dwarf-with-dsym";
				ENABLE_NS_ASSERTIONS = NO;
				ENABLE_STRICT_OBJC_MSGSEND = YES;
				GCC_C_LANGUAGE_STANDARD = gnu11;
				GCC_NO_COMMON_BLOCKS = YES;
				GCC_WARN_64_TO_32_BIT_CONVERSION = YES;
				GCC_WARN_ABOUT_RETURN_TYPE = YES_ERROR;
				GCC_WARN_UNDECLARED_SELECTOR = YES;
				GCC_WARN_UNINITIALIZED_AUTOS = YES_AGGRESSIVE;
				GCC_WARN_UNUSED_FUNCTION = YES;
				GCC_WARN_UNUSED_VARIABLE = YES;
				IPHONEOS_DEPLOYMENT_TARGET = 16.2;
				MTL_ENABLE_DEBUG_INFO = NO;
				MTL_FAST_MATH = YES;
				SDKROOT = iphoneos;
				SWIFT_COMPILATION_MODE = wholemodule;
				SWIFT_OPTIMIZATION_LEVEL = "-O";
				VALIDATE_PRODUCT = YES;
			};
			name = Release;
		};
		13C7F497297A091000A9E100 /* Debug */ = {
			isa = XCBuildConfiguration;
			buildSettings = {
				ASSETCATALOG_COMPILER_APPICON_NAME = AppIcon;
				ASSETCATALOG_COMPILER_GLOBAL_ACCENT_COLOR_NAME = AccentColor;
				CODE_SIGN_STYLE = Automatic;
				CURRENT_PROJECT_VERSION = 1;
				DEVELOPMENT_TEAM = K4627HX2DN;
				GENERATE_INFOPLIST_FILE = YES;
				INFOPLIST_FILE = MysqlTest/Info.plist;
				INFOPLIST_KEY_UIApplicationSupportsIndirectInputEvents = YES;
				INFOPLIST_KEY_UILaunchStoryboardName = LaunchScreen;
				INFOPLIST_KEY_UIMainStoryboardFile = Main;
				INFOPLIST_KEY_UISupportedInterfaceOrientations_iPad = "UIInterfaceOrientationPortrait UIInterfaceOrientationPortraitUpsideDown UIInterfaceOrientationLandscapeLeft UIInterfaceOrientationLandscapeRight";
				INFOPLIST_KEY_UISupportedInterfaceOrientations_iPhone = "UIInterfaceOrientationPortrait UIInterfaceOrientationLandscapeLeft UIInterfaceOrientationLandscapeRight";
				LD_RUNPATH_SEARCH_PATHS = (
					"$(inherited)",
					"@executable_path/Frameworks",
				);
				MARKETING_VERSION = 1.0;
				PRODUCT_BUNDLE_IDENTIFIER = C.MysqlTest;
				PRODUCT_NAME = "$(TARGET_NAME)";
				SWIFT_EMIT_LOC_STRINGS = YES;
				SWIFT_VERSION = 5.0;
				TARGETED_DEVICE_FAMILY = "1,2";
			};
			name = Debug;
		};
		13C7F498297A091000A9E100 /* Release */ = {
			isa = XCBuildConfiguration;
			buildSettings = {
				ASSETCATALOG_COMPILER_APPICON_NAME = AppIcon;
				ASSETCATALOG_COMPILER_GLOBAL_ACCENT_COLOR_NAME = AccentColor;
				CODE_SIGN_STYLE = Automatic;
				CURRENT_PROJECT_VERSION = 1;
				DEVELOPMENT_TEAM = K4627HX2DN;
				GENERATE_INFOPLIST_FILE = YES;
				INFOPLIST_FILE = MysqlTest/Info.plist;
				INFOPLIST_KEY_UIApplicationSupportsIndirectInputEvents = YES;
				INFOPLIST_KEY_UILaunchStoryboardName = LaunchScreen;
				INFOPLIST_KEY_UIMainStoryboardFile = Main;
				INFOPLIST_KEY_UISupportedInterfaceOrientations_iPad = "UIInterfaceOrientationPortrait UIInterfaceOrientationPortraitUpsideDown UIInterfaceOrientationLandscapeLeft UIInterfaceOrientationLandscapeRight";
				INFOPLIST_KEY_UISupportedInterfaceOrientations_iPhone = "UIInterfaceOrientationPortrait UIInterfaceOrientationLandscapeLeft UIInterfaceOrientationLandscapeRight";
				LD_RUNPATH_SEARCH_PATHS = (
					"$(inherited)",
					"@executable_path/Frameworks",
				);
				MARKETING_VERSION = 1.0;
				PRODUCT_BUNDLE_IDENTIFIER = C.MysqlTest;
				PRODUCT_NAME = "$(TARGET_NAME)";
				SWIFT_EMIT_LOC_STRINGS = YES;
				SWIFT_VERSION = 5.0;
				TARGETED_DEVICE_FAMILY = "1,2";
			};
			name = Release;
		};
/* End XCBuildConfiguration section */

/* Begin XCConfigurationList section */
		13C7F47D297A090F00A9E100 /* Build configuration list for PBXProject "MysqlTest" */ = {
			isa = XCConfigurationList;
			buildConfigurations = (
				13C7F494297A091000A9E100 /* Debug */,
				13C7F495297A091000A9E100 /* Release */,
			);
			defaultConfigurationIsVisible = 0;
			defaultConfigurationName = Release;
		};
		13C7F496297A091000A9E100 /* Build configuration list for PBXNativeTarget "MysqlTest" */ = {
			isa = XCConfigurationList;
			buildConfigurations = (
				13C7F497297A091000A9E100 /* Debug */,
				13C7F498297A091000A9E100 /* Release */,
			);
			defaultConfigurationIsVisible = 0;
			defaultConfigurationName = Release;
		};
/* End XCConfigurationList section */
	};
	rootObject = 13C7F47A297A090F00A9E100 /* Project object */;
}
