// !$*UTF8*$!
{
	archiveVersion = 1;
	classes = {
	};
	objectVersion = 56;
	objects = {

/* Begin PBXBuildFile section */
		1358DDFC297763460070256D /* AppDelegate.swift in Sources */ = {isa = PBXBuildFile; fileRef = 1358DDFB297763460070256D /* AppDelegate.swift */; };
		1358DDFE297763460070256D /* SceneDelegate.swift in Sources */ = {isa = PBXBuildFile; fileRef = 1358DDFD297763460070256D /* SceneDelegate.swift */; };
		1358DE00297763460070256D /* ViewController.swift in Sources */ = {isa = PBXBuildFile; fileRef = 1358DDFF297763460070256D /* ViewController.swift */; };
		1358DE03297763460070256D /* Main.storyboard in Resources */ = {isa = PBXBuildFile; fileRef = 1358DE01297763460070256D /* Main.storyboard */; };
		1358DE05297763470070256D /* Assets.xcassets in Resources */ = {isa = PBXBuildFile; fileRef = 1358DE04297763470070256D /* Assets.xcassets */; };
		1358DE08297763470070256D /* LaunchScreen.storyboard in Resources */ = {isa = PBXBuildFile; fileRef = 1358DE06297763470070256D /* LaunchScreen.storyboard */; };
		1358DE112977642D0070256D /* FirebaseAuth in Frameworks */ = {isa = PBXBuildFile; productRef = 1358DE102977642D0070256D /* FirebaseAuth */; };
		1358DE132977642D0070256D /* FirebaseAuthCombine-Community in Frameworks */ = {isa = PBXBuildFile; productRef = 1358DE122977642D0070256D /* FirebaseAuthCombine-Community */; };
		1358DE152977642D0070256D /* FirebaseDatabase in Frameworks */ = {isa = PBXBuildFile; productRef = 1358DE142977642D0070256D /* FirebaseDatabase */; };
		1358DE172977642D0070256D /* FirebaseDatabaseSwift in Frameworks */ = {isa = PBXBuildFile; productRef = 1358DE162977642D0070256D /* FirebaseDatabaseSwift */; };
		1358DE192977692F0070256D /* GoogleService-Info.plist in Resources */ = {isa = PBXBuildFile; fileRef = 1358DE182977692F0070256D /* GoogleService-Info.plist */; };
		1358DE1B29776ADC0070256D /* Employee.swift in Sources */ = {isa = PBXBuildFile; fileRef = 1358DE1A29776ADC0070256D /* Employee.swift */; };
		1358DE1D29776D470070256D /* FirebaseAuthManager.swift in Sources */ = {isa = PBXBuildFile; fileRef = 1358DE1C29776D470070256D /* FirebaseAuthManager.swift */; };
		1358DE1F297776330070256D /* LoginViewController.swift in Sources */ = {isa = PBXBuildFile; fileRef = 1358DE1E297776330070256D /* LoginViewController.swift */; };
		1358DE21297776530070256D /* RegisterViewController.swift in Sources */ = {isa = PBXBuildFile; fileRef = 1358DE20297776530070256D /* RegisterViewController.swift */; };
		1358DE23297776750070256D /* UpdateViewController.swift in Sources */ = {isa = PBXBuildFile; fileRef = 1358DE22297776750070256D /* UpdateViewController.swift */; };
/* End PBXBuildFile section */

/* Begin PBXFileReference section */
		1358DDF8297763460070256D /* FirebaseTest.app */ = {isa = PBXFileReference; explicitFileType = wrapper.application; includeInIndex = 0; path = FirebaseTest.app; sourceTree = BUILT_PRODUCTS_DIR; };
		1358DDFB297763460070256D /* AppDelegate.swift */ = {isa = PBXFileReference; lastKnownFileType = sourcecode.swift; path = AppDelegate.swift; sourceTree = "<group>"; };
		1358DDFD297763460070256D /* SceneDelegate.swift */ = {isa = PBXFileReference; lastKnownFileType = sourcecode.swift; path = SceneDelegate.swift; sourceTree = "<group>"; };
		1358DDFF297763460070256D /* ViewController.swift */ = {isa = PBXFileReference; lastKnownFileType = sourcecode.swift; path = ViewController.swift; sourceTree = "<group>"; };
		1358DE02297763460070256D /* Base */ = {isa = PBXFileReference; lastKnownFileType = file.storyboard; name = Base; path = Base.lproj/Main.storyboard; sourceTree = "<group>"; };
		1358DE04297763470070256D /* Assets.xcassets */ = {isa = PBXFileReference; lastKnownFileType = folder.assetcatalog; path = Assets.xcassets; sourceTree = "<group>"; };
		1358DE07297763470070256D /* Base */ = {isa = PBXFileReference; lastKnownFileType = file.storyboard; name = Base; path = Base.lproj/LaunchScreen.storyboard; sourceTree = "<group>"; };
		1358DE09297763470070256D /* Info.plist */ = {isa = PBXFileReference; lastKnownFileType = text.plist.xml; path = Info.plist; sourceTree = "<group>"; };
		1358DE182977692F0070256D /* GoogleService-Info.plist */ = {isa = PBXFileReference; fileEncoding = 4; lastKnownFileType = text.plist.xml; path = "GoogleService-Info.plist"; sourceTree = "<group>"; };
		1358DE1A29776ADC0070256D /* Employee.swift */ = {isa = PBXFileReference; lastKnownFileType = sourcecode.swift; path = Employee.swift; sourceTree = "<group>"; };
		1358DE1C29776D470070256D /* FirebaseAuthManager.swift */ = {isa = PBXFileReference; lastKnownFileType = sourcecode.swift; path = FirebaseAuthManager.swift; sourceTree = "<group>"; };
		1358DE1E297776330070256D /* LoginViewController.swift */ = {isa = PBXFileReference; lastKnownFileType = sourcecode.swift; path = LoginViewController.swift; sourceTree = "<group>"; };
		1358DE20297776530070256D /* RegisterViewController.swift */ = {isa = PBXFileReference; lastKnownFileType = sourcecode.swift; path = RegisterViewController.swift; sourceTree = "<group>"; };
		1358DE22297776750070256D /* UpdateViewController.swift */ = {isa = PBXFileReference; lastKnownFileType = sourcecode.swift; path = UpdateViewController.swift; sourceTree = "<group>"; };
/* End PBXFileReference section */

/* Begin PBXFrameworksBuildPhase section */
		1358DDF5297763460070256D /* Frameworks */ = {
			isa = PBXFrameworksBuildPhase;
			buildActionMask = 2147483647;
			files = (
				1358DE172977642D0070256D /* FirebaseDatabaseSwift in Frameworks */,
				1358DE152977642D0070256D /* FirebaseDatabase in Frameworks */,
				1358DE112977642D0070256D /* FirebaseAuth in Frameworks */,
				1358DE132977642D0070256D /* FirebaseAuthCombine-Community in Frameworks */,
			);
			runOnlyForDeploymentPostprocessing = 0;
		};
/* End PBXFrameworksBuildPhase section */

/* Begin PBXGroup section */
		1358DDEF297763460070256D = {
			isa = PBXGroup;
			children = (
				1358DDFA297763460070256D /* FirebaseTest */,
				1358DDF9297763460070256D /* Products */,
			);
			sourceTree = "<group>";
		};
		1358DDF9297763460070256D /* Products */ = {
			isa = PBXGroup;
			children = (
				1358DDF8297763460070256D /* FirebaseTest.app */,
			);
			name = Products;
			sourceTree = "<group>";
		};
		1358DDFA297763460070256D /* FirebaseTest */ = {
			isa = PBXGroup;
			children = (
				1358DDFB297763460070256D /* AppDelegate.swift */,
				1358DE1A29776ADC0070256D /* Employee.swift */,
				1358DE1C29776D470070256D /* FirebaseAuthManager.swift */,
				1358DDFD297763460070256D /* SceneDelegate.swift */,
				1358DE1E297776330070256D /* LoginViewController.swift */,
				1358DE20297776530070256D /* RegisterViewController.swift */,
				1358DE22297776750070256D /* UpdateViewController.swift */,
				1358DDFF297763460070256D /* ViewController.swift */,
				1358DE01297763460070256D /* Main.storyboard */,
				1358DE04297763470070256D /* Assets.xcassets */,
				1358DE06297763470070256D /* LaunchScreen.storyboard */,
				1358DE182977692F0070256D /* GoogleService-Info.plist */,
				1358DE09297763470070256D /* Info.plist */,
			);
			path = FirebaseTest;
			sourceTree = "<group>";
		};
/* End PBXGroup section */

/* Begin PBXNativeTarget section */
		1358DDF7297763460070256D /* FirebaseTest */ = {
			isa = PBXNativeTarget;
			buildConfigurationList = 1358DE0C297763470070256D /* Build configuration list for PBXNativeTarget "FirebaseTest" */;
			buildPhases = (
				1358DDF4297763460070256D /* Sources */,
				1358DDF5297763460070256D /* Frameworks */,
				1358DDF6297763460070256D /* Resources */,
			);
			buildRules = (
			);
			dependencies = (
			);
			name = FirebaseTest;
			packageProductDependencies = (
				1358DE102977642D0070256D /* FirebaseAuth */,
				1358DE122977642D0070256D /* FirebaseAuthCombine-Community */,
				1358DE142977642D0070256D /* FirebaseDatabase */,
				1358DE162977642D0070256D /* FirebaseDatabaseSwift */,
			);
			productName = FirebaseTest;
			productReference = 1358DDF8297763460070256D /* FirebaseTest.app */;
			productType = "com.apple.product-type.application";
		};
/* End PBXNativeTarget section */

/* Begin PBXProject section */
		1358DDF0297763460070256D /* Project object */ = {
			isa = PBXProject;
			attributes = {
				BuildIndependentTargetsInParallel = 1;
				LastSwiftUpdateCheck = 1420;
				LastUpgradeCheck = 1420;
				TargetAttributes = {
					1358DDF7297763460070256D = {
						CreatedOnToolsVersion = 14.2;
					};
				};
			};
			buildConfigurationList = 1358DDF3297763460070256D /* Build configuration list for PBXProject "FirebaseTest" */;
			compatibilityVersion = "Xcode 14.0";
			developmentRegion = en;
			hasScannedForEncodings = 0;
			knownRegions = (
				en,
				Base,
			);
			mainGroup = 1358DDEF297763460070256D;
			packageReferences = (
				1358DE0F2977642D0070256D /* XCRemoteSwiftPackageReference "firebase-ios-sdk" */,
			);
			productRefGroup = 1358DDF9297763460070256D /* Products */;
			projectDirPath = "";
			projectRoot = "";
			targets = (
				1358DDF7297763460070256D /* FirebaseTest */,
			);
		};
/* End PBXProject section */

/* Begin PBXResourcesBuildPhase section */
		1358DDF6297763460070256D /* Resources */ = {
			isa = PBXResourcesBuildPhase;
			buildActionMask = 2147483647;
			files = (
				1358DE08297763470070256D /* LaunchScreen.storyboard in Resources */,
				1358DE192977692F0070256D /* GoogleService-Info.plist in Resources */,
				1358DE05297763470070256D /* Assets.xcassets in Resources */,
				1358DE03297763460070256D /* Main.storyboard in Resources */,
			);
			runOnlyForDeploymentPostprocessing = 0;
		};
/* End PBXResourcesBuildPhase section */

/* Begin PBXSourcesBuildPhase section */
		1358DDF4297763460070256D /* Sources */ = {
			isa = PBXSourcesBuildPhase;
			buildActionMask = 2147483647;
			files = (
				1358DE1F297776330070256D /* LoginViewController.swift in Sources */,
				1358DE00297763460070256D /* ViewController.swift in Sources */,
				1358DE21297776530070256D /* RegisterViewController.swift in Sources */,
				1358DE1B29776ADC0070256D /* Employee.swift in Sources */,
				1358DDFC297763460070256D /* AppDelegate.swift in Sources */,
				1358DDFE297763460070256D /* SceneDelegate.swift in Sources */,
				1358DE1D29776D470070256D /* FirebaseAuthManager.swift in Sources */,
				1358DE23297776750070256D /* UpdateViewController.swift in Sources */,
			);
			runOnlyForDeploymentPostprocessing = 0;
		};
/* End PBXSourcesBuildPhase section */

/* Begin PBXVariantGroup section */
		1358DE01297763460070256D /* Main.storyboard */ = {
			isa = PBXVariantGroup;
			children = (
				1358DE02297763460070256D /* Base */,
			);
			name = Main.storyboard;
			sourceTree = "<group>";
		};
		1358DE06297763470070256D /* LaunchScreen.storyboard */ = {
			isa = PBXVariantGroup;
			children = (
				1358DE07297763470070256D /* Base */,
			);
			name = LaunchScreen.storyboard;
			sourceTree = "<group>";
		};
/* End PBXVariantGroup section */

/* Begin XCBuildConfiguration section */
		1358DE0A297763470070256D /* Debug */ = {
			isa = XCBuildConfiguration;
			buildSettings = {
				ALWAYS_SEARCH_USER_PATHS = NO;
				CLANG_ANALYZER_NONNULL = YES;
				CLANG_ANALYZER_NUMBER_OBJECT_CONVERSION = YES_AGGRESSIVE;
				CLANG_CXX_LANGUAGE_STANDARD = "gnu++20";
				CLANG_ENABLE_MODULES = YES;
				CLANG_ENABLE_OBJC_ARC = YES;
				CLANG_ENABLE_OBJC_WEAK = YES;
				CLANG_WARN_BLOCK_CAPTURE_AUTORELEASING = YES;
				CLANG_WARN_BOOL_CONVERSION = YES;
				CLANG_WARN_COMMA = YES;
				CLANG_WARN_CONSTANT_CONVERSION = YES;
				CLANG_WARN_DEPRECATED_OBJC_IMPLEMENTATIONS = YES;
				CLANG_WARN_DIRECT_OBJC_ISA_USAGE = YES_ERROR;
				CLANG_WARN_DOCUMENTATION_COMMENTS = YES;
				CLANG_WARN_EMPTY_BODY = YES;
				CLANG_WARN_ENUM_CONVERSION = YES;
				CLANG_WARN_INFINITE_RECURSION = YES;
				CLANG_WARN_INT_CONVERSION = YES;
				CLANG_WARN_NON_LITERAL_NULL_CONVERSION = YES;
				CLANG_WARN_OBJC_IMPLICIT_RETAIN_SELF = YES;
				CLANG_WARN_OBJC_LITERAL_CONVERSION = YES;
				CLANG_WARN_OBJC_ROOT_CLASS = YES_ERROR;
				CLANG_WARN_QUOTED_INCLUDE_IN_FRAMEWORK_HEADER = YES;
				CLANG_WARN_RANGE_LOOP_ANALYSIS = YES;
				CLANG_WARN_STRICT_PROTOTYPES = YES;
				CLANG_WARN_SUSPICIOUS_MOVE = YES;
				CLANG_WARN_UNGUARDED_AVAILABILITY = YES_AGGRESSIVE;
				CLANG_WARN_UNREACHABLE_CODE = YES;
				CLANG_WARN__DUPLICATE_METHOD_MATCH = YES;
				COPY_PHASE_STRIP = NO;
				DEBUG_INFORMATION_FORMAT = dwarf;
				ENABLE_STRICT_OBJC_MSGSEND = YES;
				ENABLE_TESTABILITY = YES;
				GCC_C_LANGUAGE_STANDARD = gnu11;
				GCC_DYNAMIC_NO_PIC = NO;
				GCC_NO_COMMON_BLOCKS = YES;
				GCC_OPTIMIZATION_LEVEL = 0;
				GCC_PREPROCESSOR_DEFINITIONS = (
					"DEBUG=1",
					"$(inherited)",
				);
				GCC_WARN_64_TO_32_BIT_CONVERSION = YES;
				GCC_WARN_ABOUT_RETURN_TYPE = YES_ERROR;
				GCC_WARN_UNDECLARED_SELECTOR = YES;
				GCC_WARN_UNINITIALIZED_AUTOS = YES_AGGRESSIVE;
				GCC_WARN_UNUSED_FUNCTION = YES;
				GCC_WARN_UNUSED_VARIABLE = YES;
				IPHONEOS_DEPLOYMENT_TARGET = 16.2;
				MTL_ENABLE_DEBUG_INFO = INCLUDE_SOURCE;
				MTL_FAST_MATH = YES;
				ONLY_ACTIVE_ARCH = YES;
				SDKROOT = iphoneos;
				SWIFT_ACTIVE_COMPILATION_CONDITIONS = DEBUG;
				SWIFT_OPTIMIZATION_LEVEL = "-Onone";
			};
			name = Debug;
		};
		1358DE0B297763470070256D /* Release */ = {
			isa = XCBuildConfiguration;
			buildSettings = {
				ALWAYS_SEARCH_USER_PATHS = NO;
				CLANG_ANALYZER_NONNULL = YES;
				CLANG_ANALYZER_NUMBER_OBJECT_CONVERSION = YES_AGGRESSIVE;
				CLANG_CXX_LANGUAGE_STANDARD = "gnu++20";
				CLANG_ENABLE_MODULES = YES;
				CLANG_ENABLE_OBJC_ARC = YES;
				CLANG_ENABLE_OBJC_WEAK = YES;
				CLANG_WARN_BLOCK_CAPTURE_AUTORELEASING = YES;
				CLANG_WARN_BOOL_CONVERSION = YES;
				CLANG_WARN_COMMA = YES;
				CLANG_WARN_CONSTANT_CONVERSION = YES;
				CLANG_WARN_DEPRECATED_OBJC_IMPLEMENTATIONS = YES;
				CLANG_WARN_DIRECT_OBJC_ISA_USAGE = YES_ERROR;
				CLANG_WARN_DOCUMENTATION_COMMENTS = YES;
				CLANG_WARN_EMPTY_BODY = YES;
				CLANG_WARN_ENUM_CONVERSION = YES;
				CLANG_WARN_INFINITE_RECURSION = YES;
				CLANG_WARN_INT_CONVERSION = YES;
				CLANG_WARN_NON_LITERAL_NULL_CONVERSION = YES;
				CLANG_WARN_OBJC_IMPLICIT_RETAIN_SELF = YES;
				CLANG_WARN_OBJC_LITERAL_CONVERSION = YES;
				CLANG_WARN_OBJC_ROOT_CLASS = YES_ERROR;
				CLANG_WARN_QUOTED_INCLUDE_IN_FRAMEWORK_HEADER = YES;
				CLANG_WARN_RANGE_LOOP_ANALYSIS = YES;
				CLANG_WARN_STRICT_PROTOTYPES = YES;
				CLANG_WARN_SUSPICIOUS_MOVE = YES;
				CLANG_WARN_UNGUARDED_AVAILABILITY = YES_AGGRESSIVE;
				CLANG_WARN_UNREACHABLE_CODE = YES;
				CLANG_WARN__DUPLICATE_METHOD_MATCH = YES;
				COPY_PHASE_STRIP = NO;
				DEBUG_INFORMATION_FORMAT = "dwarf-with-dsym";
				ENABLE_NS_ASSERTIONS = NO;
				ENABLE_STRICT_OBJC_MSGSEND = YES;
				GCC_C_LANGUAGE_STANDARD = gnu11;
				GCC_NO_COMMON_BLOCKS = YES;
				GCC_WARN_64_TO_32_BIT_CONVERSION = YES;
				GCC_WARN_ABOUT_RETURN_TYPE = YES_ERROR;
				GCC_WARN_UNDECLARED_SELECTOR = YES;
				GCC_WARN_UNINITIALIZED_AUTOS = YES_AGGRESSIVE;
				GCC_WARN_UNUSED_FUNCTION = YES;
				GCC_WARN_UNUSED_VARIABLE = YES;
				IPHONEOS_DEPLOYMENT_TARGET = 16.2;
				MTL_ENABLE_DEBUG_INFO = NO;
				MTL_FAST_MATH = YES;
				SDKROOT = iphoneos;
				SWIFT_COMPILATION_MODE = wholemodule;
				SWIFT_OPTIMIZATION_LEVEL = "-O";
				VALIDATE_PRODUCT = YES;
			};
			name = Release;
		};
		1358DE0D297763470070256D /* Debug */ = {
			isa = XCBuildConfiguration;
			buildSettings = {
				ASSETCATALOG_COMPILER_APPICON_NAME = AppIcon;
				ASSETCATALOG_COMPILER_GLOBAL_ACCENT_COLOR_NAME = AccentColor;
				CODE_SIGN_STYLE = Automatic;
				CURRENT_PROJECT_VERSION = 1;
				DEVELOPMENT_TEAM = K4627HX2DN;
				GENERATE_INFOPLIST_FILE = YES;
				INFOPLIST_FILE = FirebaseTest/Info.plist;
				INFOPLIST_KEY_UIApplicationSupportsIndirectInputEvents = YES;
				INFOPLIST_KEY_UILaunchStoryboardName = LaunchScreen;
				INFOPLIST_KEY_UIMainStoryboardFile = Main;
				INFOPLIST_KEY_UISupportedInterfaceOrientations_iPad = "UIInterfaceOrientationPortrait UIInterfaceOrientationPortraitUpsideDown UIInterfaceOrientationLandscapeLeft UIInterfaceOrientationLandscapeRight";
				INFOPLIST_KEY_UISupportedInterfaceOrientations_iPhone = "UIInterfaceOrientationPortrait UIInterfaceOrientationLandscapeLeft UIInterfaceOrientationLandscapeRight";
				LD_RUNPATH_SEARCH_PATHS = (
					"$(inherited)",
					"@executable_path/Frameworks",
				);
				MARKETING_VERSION = 1.0;
				PRODUCT_BUNDLE_IDENTIFIER = C.FirebaseTest;
				PRODUCT_NAME = "$(TARGET_NAME)";
				SWIFT_EMIT_LOC_STRINGS = YES;
				SWIFT_VERSION = 5.0;
				TARGETED_DEVICE_FAMILY = "1,2";
			};
			name = Debug;
		};
		1358DE0E297763470070256D /* Release */ = {
			isa = XCBuildConfiguration;
			buildSettings = {
				ASSETCATALOG_COMPILER_APPICON_NAME = AppIcon;
				ASSETCATALOG_COMPILER_GLOBAL_ACCENT_COLOR_NAME = AccentColor;
				CODE_SIGN_STYLE = Automatic;
				CURRENT_PROJECT_VERSION = 1;
				DEVELOPMENT_TEAM = K4627HX2DN;
				GENERATE_INFOPLIST_FILE = YES;
				INFOPLIST_FILE = FirebaseTest/Info.plist;
				INFOPLIST_KEY_UIApplicationSupportsIndirectInputEvents = YES;
				INFOPLIST_KEY_UILaunchStoryboardName = LaunchScreen;
				INFOPLIST_KEY_UIMainStoryboardFile = Main;
				INFOPLIST_KEY_UISupportedInterfaceOrientations_iPad = "UIInterfaceOrientationPortrait UIInterfaceOrientationPortraitUpsideDown UIInterfaceOrientationLandscapeLeft UIInterfaceOrientationLandscapeRight";
				INFOPLIST_KEY_UISupportedInterfaceOrientations_iPhone = "UIInterfaceOrientationPortrait UIInterfaceOrientationLandscapeLeft UIInterfaceOrientationLandscapeRight";
				LD_RUNPATH_SEARCH_PATHS = (
					"$(inherited)",
					"@executable_path/Frameworks",
				);
				MARKETING_VERSION = 1.0;
				PRODUCT_BUNDLE_IDENTIFIER = C.FirebaseTest;
				PRODUCT_NAME = "$(TARGET_NAME)";
				SWIFT_EMIT_LOC_STRINGS = YES;
				SWIFT_VERSION = 5.0;
				TARGETED_DEVICE_FAMILY = "1,2";
			};
			name = Release;
		};
/* End XCBuildConfiguration section */

/* Begin XCConfigurationList section */
		1358DDF3297763460070256D /* Build configuration list for PBXProject "FirebaseTest" */ = {
			isa = XCConfigurationList;
			buildConfigurations = (
				1358DE0A297763470070256D /* Debug */,
				1358DE0B297763470070256D /* Release */,
			);
			defaultConfigurationIsVisible = 0;
			defaultConfigurationName = Release;
		};
		1358DE0C297763470070256D /* Build configuration list for PBXNativeTarget "FirebaseTest" */ = {
			isa = XCConfigurationList;
			buildConfigurations = (
				1358DE0D297763470070256D /* Debug */,
				1358DE0E297763470070256D /* Release */,
			);
			defaultConfigurationIsVisible = 0;
			defaultConfigurationName = Release;
		};
/* End XCConfigurationList section */

/* Begin XCRemoteSwiftPackageReference section */
		1358DE0F2977642D0070256D /* XCRemoteSwiftPackageReference "firebase-ios-sdk" */ = {
			isa = XCRemoteSwiftPackageReference;
			repositoryURL = "https://github.com/firebase/firebase-ios-sdk.git";
			requirement = {
				kind = exactVersion;
				version = 9.6.0;
			};
		};
/* End XCRemoteSwiftPackageReference section */

/* Begin XCSwiftPackageProductDependency section */
		1358DE102977642D0070256D /* FirebaseAuth */ = {
			isa = XCSwiftPackageProductDependency;
			package = 1358DE0F2977642D0070256D /* XCRemoteSwiftPackageReference "firebase-ios-sdk" */;
			productName = FirebaseAuth;
		};
		1358DE122977642D0070256D /* FirebaseAuthCombine-Community */ = {
			isa = XCSwiftPackageProductDependency;
			package = 1358DE0F2977642D0070256D /* XCRemoteSwiftPackageReference "firebase-ios-sdk" */;
			productName = "FirebaseAuthCombine-Community";
		};
		1358DE142977642D0070256D /* FirebaseDatabase */ = {
			isa = XCSwiftPackageProductDependency;
			package = 1358DE0F2977642D0070256D /* XCRemoteSwiftPackageReference "firebase-ios-sdk" */;
			productName = FirebaseDatabase;
		};
		1358DE162977642D0070256D /* FirebaseDatabaseSwift */ = {
			isa = XCSwiftPackageProductDependency;
			package = 1358DE0F2977642D0070256D /* XCRemoteSwiftPackageReference "firebase-ios-sdk" */;
			productName = FirebaseDatabaseSwift;
		};
/* End XCSwiftPackageProductDependency section */
	};
	rootObject = 1358DDF0297763460070256D /* Project object */;
}
